
Microsoft Visual Studio Solution File, Format Version 12.00
# Visual Studio Version 17
VisualStudioVersion = 17.7.34024.191
MinimumVisualStudioVersion = 10.0.40219.1
Project("{FAE04EC0-301F-11D3-BF4B-00C04F79EFBC}") = "Sehvemderharbooket", "Sehvemderharbooket\Sehvemderharbooket.csproj", "{5D199104-3C9E-48E6-9FB7-315BF7931319}"
EndProject
Global
	GlobalSection(SolutionConfigurationPlatforms) = preSolution
		Debug|Any CPU = Debug|Any CPU
		Release|Any CPU = Release|Any CPU
	EndGlobalSection
	GlobalSection(ProjectConfigurationPlatforms) = postSolution
		{5D199104-3C9E-48E6-9FB7-315BF7931319}.Debug|Any CPU.ActiveCfg = Debug|Any CPU
		{5D199104-3C9E-48E6-9FB7-315BF7931319}.Debug|Any CPU.Build.0 = Debug|Any CPU
		{5D199104-3C9E-48E6-9FB7-315BF7931319}.Release|Any CPU.ActiveCfg = Release|Any CPU
		{5D199104-3C9E-48E6-9FB7-315BF7931319}.Release|Any CPU.Build.0 = Release|Any CPU
	EndGlobalSection
	GlobalSection(SolutionProperties) = preSolution
		HideSolutionNode = FALSE
	EndGlobalSection
	GlobalSection(ExtensibilityGlobals) = postSolution
		SolutionGuid = {C496CACF-F09D-47ED-BA3C-83F5EB2D3A87}
	EndGlobalSection
EndGlobal
